
Microsoft Visual Studio Solution File, Format Version 12.00
# Visual Studio Version 17
VisualStudioVersion = 17.0.32014.148
MinimumVisualStudioVersion = 10.0.40219.1
Project("{FAE04EC0-301F-11D3-BF4B-00C04F79EFBC}") = "Ex Calculadora", "Ex Calculadora\Ex Calculadora.csproj", "{F080092A-59F3-417B-84E1-B2A8E63EF56E}"
EndProject
Global
	GlobalSection(SolutionConfigurationPlatforms) = preSolution
		Debug|Any CPU = Debug|Any CPU
		Release|Any CPU = Release|Any CPU
	EndGlobalSection
	GlobalSection(ProjectConfigurationPlatforms) = postSolution
		{F080092A-59F3-417B-84E1-B2A8E63EF56E}.Debug|Any CPU.ActiveCfg = Debug|Any CPU
		{F080092A-59F3-417B-84E1-B2A8E63EF56E}.Debug|Any CPU.Build.0 = Debug|Any CPU
		{F080092A-59F3-417B-84E1-B2A8E63EF56E}.Release|Any CPU.ActiveCfg = Release|Any CPU
		{F080092A-59F3-417B-84E1-B2A8E63EF56E}.Release|Any CPU.Build.0 = Release|Any CPU
	EndGlobalSection
	GlobalSection(SolutionProperties) = preSolution
		HideSolutionNode = FALSE
	EndGlobalSection
	GlobalSection(ExtensibilityGlobals) = postSolution
		SolutionGuid = {425D8319-EEF9-4644-A78F-FC86880E9B10}
	EndGlobalSection
EndGlobal
